<?php

function chatproc($l,$p){

global $special1,$special2,$special3,$special4,$REMOTE_ADDR;

$special1=0;$special2=0;$special3=0;$special4=0;

if($REMOTE_ADDR==""){

 $REMOTE_ADDR=$l;

}

if(strlen($l)>3){

  if(tarkista($l) && tarkista($p)){

    $l=ucwords($l);$special1=0;$special2=0;

    srand(make_seed());

    $query="Select name,password,channels,banned,wrong_pw from Players where name='$l'";

    if(($result=mysql_query($query))==TRUE && mysql_num_rows($result)==1){

      extract(mysql_fetch_array($result));

      $cx_size=0;

      if($p==$password && $banned !=100){

        valmista_msg($l);

        if($special2==1 || $special3==1){

          $query="Select exp,gold,health from Stats where name='$l'";

          $result=mysql_query($query);

          extract(mysql_fetch_array($result));

          print "x1($exp,$gold,$health);";

        }

        if($special1==1 || $special3==1){

          $query="Select gold,banked from Stats where name='$l'";

          $result=mysql_query($query);

          extract(mysql_fetch_array($result));

          print "x4($gold,$banked);";

        }

        if($special2==1){

          $query="Select * from Inventory where pname='$l'";

          $result=mysql_query($query);

          $invlist=mysql_fetch_row($result);

          $imsg="";

          for($i=1;$i<31;$i++){

            $ix=$invlist[$i];

            $imsg.="$ix,";

          }

          $imsg.="0";

          print "x3(\"$imsg\");";

          print "x5($invlist[31],$invlist[32],$invlist[33],$invlist[34],$invlist[35],$invlist[36],$invlist[37]);";

        }

        if($special4==1){

          $query="Select * from Clans where cid=$clan";

          $result=mysql_query($query);

          if($result==TRUE and mysql_num_rows($result)>0){

            extract(mysql_fetch_array($result));

            print "xC(\"$cname\",\"$cleader\",\"$cleader2\",$cpower);";

          }else {

            print "xC(\"\",\"\",\"\",0);";

          }

        }

        print "Z();";

      }else if($p !=$password){

        ++$wrong_pw;

        $query="Update Players set wrong_pw=$wrong_pw where name='$l'";

        mysql_query($query);

        if($wrong_pw>9){

          if($REMOTE_ADDR !=''){

            global $REMOTE_ADDR;

            $query="Insert into Ipban values('$REMOTE_ADDR',now(),'$l')";

            mysql_query($query);

            $query="Update Players set wrong_pw=0 where name='$l'";

            mysql_query($query);

          }else {

          print "javascript:alert(\"Stop guessing passwords,your IP will be banned.\");\n";

          }

        }

        ep2(0);

      }else if($banned==100){

        ep2(1);

      }

    }else {

      ep2(2);

    }

  }else {

    ep2(3);

  }

}else {

  ep2(4);

}

}

function valmista_msg($pname){

  $a1=0;

  global $special1,$special2,$special3,$special4,$REMOTE_ADDR;

  $query="Select pfrom,msgtxt,msgtype from Messages where pto='$pname'";

  if(($result=mysql_query($query))==TRUE &&($a1=mysql_num_rows($result))>0){

    $a1=min($a1,19);

    for($i=0;$i<$a1;$i++){

      $row=mysql_fetch_row($result);

      $msgn[$i]=$row[0];

      $msgtxt[$i]=$row[1];

      $msgtype[$i]=$row[2];

      if($msgtype[$i]==21 || $msgtype[$i]==26){

        $special1=1;

      }else if($msgtype[$i]==22 || $msgtype[$i]==26){

        $special2=1;

        if(strstr($msgtxt[$i],"clan")){

          $special4=1;

        }

      }else if($msgtype[$i]==23 || $msgtype[$i]==24 || $msgtype[$i]==25){

        $special3=1;

      }

      $msgn[$i]=cfix($msgn[$i]);

      print "ct(\"$msgtxt[$i]\",\"$msgn[$i]\",$msgtype[$i]);";

    }

    $query3="delete from Messages where pto='$pname' limit $a1";

    mysql_query($query3);

  }

}

function cfix($jono){

  $newjono="";

  $jono=str_replace("\\","",$jono);

  $jono=str_replace("'","\'",$jono);

  $jono=str_replace("\"","\'",$jono);

  for($i=0;$i<strlen($jono);$i++){

  $xc=ord($jono[$i]);

    if($xc>32 && $xc<127){

      $newjono.=$jono[$i];

    }else {

      $newjono.=" ";

    }

  }

  return $newjono;

}

function make_seed(){

  list($usec,$sec)=explode(' ',microtime());

  return(float) $sec +((float) $usec * 100000);

}

?>
